{
  "requires": true,
  "lockfileVersion": 1,
  "dependencies": {
    "lottie-web": {
      "version": "5.7.4",
      "resolved": "https://registry.npmjs.org/lottie-web/-/lottie-web-5.7.4.tgz",
      "integrity": "sha512-LxqhXlHnHXOPmu+o2ipFKGv42jZLmn/GiEwXP0YC331fFwa+y96OUV22OF9r4i29uWKDciXiJr8tzy6jL8KygA=="
    }
  }
}
